{
  "name": "gfutures-guide-system",
  "version": "0.1.0",
  "lockfileVersion": 3,
  "requires": true,
  "packages": {
    "": {
      "name": "gfutures-guide-system",
      "version": "0.1.0",
      "dependencies": {
        "@firebase/rules-unit-testing": "4.0.1",
        "firebase": "11.1.0",
        "firebase-admin": "13.0.2",
        "next": "14.2.18",
        "openai": "4.77.0",
        "react": "18.3.1",
        "react-dom": "18.3.1",
        "xlsx": "0.18.5"
      },
      "devDependencies": {
        "@types/node": "20.17.10",
        "@types/react": "18.3.12",
        "@types/react-dom": "18.3.1",
        "typescript": "5.7.2"
      },
      "engines": {
        "node": "20.x",
        "npm": "10.x"
      }
    }
  }
}
